Microsoft Visual Studio Solution File, Format Version 12.00
# Visual Studio Version 17
VisualStudioVersion = 17.5.2.0
MinimumVisualStudioVersion = 10.0.40219.1
Project("{2150E333-8FDC-42A3-9474-1A3956D46DE8}") = "Evaluationfile", "Evaluationfile", "{8C4CC9BA-EF71-E3EF-F9CA-0F4C04FB06EF}"
EndProject
Project("{FAE04EC0-301F-11D3-BF4B-00C04F79EFBC}") = "csp1", "Evaluationfile\csp1.csproj", "{AA35D35A-F995-6B11-9B74-17ADB587C669}"
EndProject
Global
	GlobalSection(SolutionConfigurationPlatforms) = preSolution
		Debug|Any CPU = Debug|Any CPU
		Release|Any CPU = Release|Any CPU
	EndGlobalSection
	GlobalSection(ProjectConfigurationPlatforms) = postSolution
		{AA35D35A-F995-6B11-9B74-17ADB587C669}.Debug|Any CPU.ActiveCfg = Debug|Any CPU
		{AA35D35A-F995-6B11-9B74-17ADB587C669}.Debug|Any CPU.Build.0 = Debug|Any CPU
		{AA35D35A-F995-6B11-9B74-17ADB587C669}.Release|Any CPU.ActiveCfg = Release|Any CPU
		{AA35D35A-F995-6B11-9B74-17ADB587C669}.Release|Any CPU.Build.0 = Release|Any CPU
	EndGlobalSection
	GlobalSection(SolutionProperties) = preSolution
		HideSolutionNode = FALSE
	EndGlobalSection
	GlobalSection(NestedProjects) = preSolution
		{AA35D35A-F995-6B11-9B74-17ADB587C669} = {8C4CC9BA-EF71-E3EF-F9CA-0F4C04FB06EF}
	EndGlobalSection
	GlobalSection(ExtensibilityGlobals) = postSolution
		SolutionGuid = {6147CE26-2320-4074-A83B-7EE19EE9A8FB}
	EndGlobalSection
EndGlobal
